
Microsoft Visual Studio Solution File, Format Version 12.00
# Visual Studio Version 17
VisualStudioVersion = 17.8.34408.163
MinimumVisualStudioVersion = 10.0.40219.1
Project("{9A19103F-16F7-4668-BE54-9A1E7A4F7556}") = "BasketBetWebAPI", "BasketBetWebAPI\BasketBetWebAPI.csproj", "{8E60FAEE-FC49-47F0-9162-191187924A6B}"
EndProject
Project("{9A19103F-16F7-4668-BE54-9A1E7A4F7556}") = "BasketBet.Web", "BasketBet.Web\BasketBet.Web.csproj", "{D2E5ADF5-4037-44A1-9F56-C83EC2F37076}"
EndProject
Project("{FAE04EC0-301F-11D3-BF4B-00C04F79EFBC}") = "BasketBet.EntityFramework", "BasketBet.EntityFramework\BasketBet.EntityFramework.csproj", "{CDD479DF-16C0-4F51-ABCC-7BECAD5AD8D3}"
EndProject
Global
	GlobalSection(SolutionConfigurationPlatforms) = preSolution
		Debug|Any CPU = Debug|Any CPU
		Release|Any CPU = Release|Any CPU
	EndGlobalSection
	GlobalSection(ProjectConfigurationPlatforms) = postSolution
		{8E60FAEE-FC49-47F0-9162-191187924A6B}.Debug|Any CPU.ActiveCfg = Debug|Any CPU
		{8E60FAEE-FC49-47F0-9162-191187924A6B}.Debug|Any CPU.Build.0 = Debug|Any CPU
		{8E60FAEE-FC49-47F0-9162-191187924A6B}.Release|Any CPU.ActiveCfg = Release|Any CPU
		{8E60FAEE-FC49-47F0-9162-191187924A6B}.Release|Any CPU.Build.0 = Release|Any CPU
		{D2E5ADF5-4037-44A1-9F56-C83EC2F37076}.Debug|Any CPU.ActiveCfg = Debug|Any CPU
		{D2E5ADF5-4037-44A1-9F56-C83EC2F37076}.Debug|Any CPU.Build.0 = Debug|Any CPU
		{D2E5ADF5-4037-44A1-9F56-C83EC2F37076}.Release|Any CPU.ActiveCfg = Release|Any CPU
		{D2E5ADF5-4037-44A1-9F56-C83EC2F37076}.Release|Any CPU.Build.0 = Release|Any CPU
		{CDD479DF-16C0-4F51-ABCC-7BECAD5AD8D3}.Debug|Any CPU.ActiveCfg = Debug|Any CPU
		{CDD479DF-16C0-4F51-ABCC-7BECAD5AD8D3}.Debug|Any CPU.Build.0 = Debug|Any CPU
		{CDD479DF-16C0-4F51-ABCC-7BECAD5AD8D3}.Release|Any CPU.ActiveCfg = Release|Any CPU
		{CDD479DF-16C0-4F51-ABCC-7BECAD5AD8D3}.Release|Any CPU.Build.0 = Release|Any CPU
	EndGlobalSection
	GlobalSection(SolutionProperties) = preSolution
		HideSolutionNode = FALSE
	EndGlobalSection
	GlobalSection(ExtensibilityGlobals) = postSolution
		SolutionGuid = {C3227E51-F2DC-4CA5-B714-9D0ACF120789}
	EndGlobalSection
EndGlobal
